
Microsoft Visual Studio Solution File, Format Version 12.00
# Visual Studio 2013
VisualStudioVersion = 12.0.31101.0
MinimumVisualStudioVersion = 10.0.40219.1
Project("{2150E333-8FDC-42A3-9474-1A3956D46DE8}") = "Squirrel", "Squirrel", "{C461625C-0097-4026-B0AA-35F3B122FF89}"
EndProject
Project("{D954291E-2A0B-460D-934E-DC6B0785DB48}") = "Squirrel.Shared", "Squirrel\Squirrel.Shared\Squirrel.Shared.shproj", "{898B8CA6-1D60-425E-920D-1F773F1D1C19}"
EndProject
Project("{FAE04EC0-301F-11D3-BF4B-00C04F79EFBC}") = "Squirrel.Windows", "Squirrel\Squirrel.Windows\Squirrel.Windows.csproj", "{8F00C87E-08C1-4E3F-B434-92B1D6B90390}"
EndProject
Project("{FAE04EC0-301F-11D3-BF4B-00C04F79EFBC}") = "Squirrel.WindowsPhone", "Squirrel\Squirrel.WindowsPhone\Squirrel.WindowsPhone.csproj", "{3A0D4A42-21D7-42CA-8079-39E8F4BEDFBB}"
EndProject
Project("{FAE04EC0-301F-11D3-BF4B-00C04F79EFBC}") = "Squirrel.Protocols", "Squirrel.Protocols\Squirrel.Protocols.csproj", "{4DA5317A-2F49-45C0-8A02-6F65B263DAFF}"
EndProject
Project("{2150E333-8FDC-42A3-9474-1A3956D46DE8}") = "Presentation Layer", "Presentation Layer", "{9E771F15-E5A2-4807-896B-2120CE417768}"
EndProject
Project("{2150E333-8FDC-42A3-9474-1A3956D46DE8}") = "Infrastrcture Layer", "Infrastrcture Layer", "{46C07735-1A2A-4280-AE8B-C564BB25608F}"
EndProject
Project("{2150E333-8FDC-42A3-9474-1A3956D46DE8}") = "Protocols", "Protocols", "{B5127EB3-623E-4B07-AC26-4E9017E4275E}"
EndProject
Project("{2150E333-8FDC-42A3-9474-1A3956D46DE8}") = "Domain Layer", "Domain Layer", "{5C166138-DE8F-4607-B012-6CB7D179940D}"
EndProject
Project("{FAE04EC0-301F-11D3-BF4B-00C04F79EFBC}") = "Squirrel.Domain", "Squirrel.Domain\Squirrel.Domain.csproj", "{F3C28AEC-0AAB-46A4-B7C6-4411735CCB12}"
EndProject
Project("{2150E333-8FDC-42A3-9474-1A3956D46DE8}") = "Services", "Services", "{C2D7F581-0DD3-420F-BC88-7762EFFD3E3E}"
EndProject
Project("{FAE04EC0-301F-11D3-BF4B-00C04F79EFBC}") = "Squirrel.Services", "Squirrel.Services\Squirrel.Services.csproj", "{ADF86541-09E1-4249-BE03-FD6E285BFA73}"
EndProject
Project("{FAE04EC0-301F-11D3-BF4B-00C04F79EFBC}") = "Squirrel.Config", "Squirrel.Config\Squirrel.Config.csproj", "{2ADA4A2F-BC48-4CCA-9509-B063C5E1867B}"
EndProject
Project("{2150E333-8FDC-42A3-9474-1A3956D46DE8}") = "Config", "Config", "{75155279-7655-4052-BEFC-0A4C3AD86C39}"
EndProject
Project("{FAE04EC0-301F-11D3-BF4B-00C04F79EFBC}") = "Squirrel.Config.Test", "Squirrel.Config.Test\Squirrel.Config.Test.csproj", "{A07ED606-CC90-4126-BB20-9DD406DABB1A}"
EndProject
Project("{FAE04EC0-301F-11D3-BF4B-00C04F79EFBC}") = "Squirrel.Protocols.ZWave", "Squirrel.Protocols.ZWave\Squirrel.Protocols.ZWave.csproj", "{896A6816-5B04-4FD4-A648-5D219A7625E2}"
EndProject
Global
	GlobalSection(SharedMSBuildProjectFiles) = preSolution
		Squirrel\Squirrel.Shared\Squirrel.Shared.projitems*{898b8ca6-1d60-425e-920d-1f773f1d1c19}*SharedItemsImports = 13
		Squirrel\Squirrel.Shared\Squirrel.Shared.projitems*{8f00c87e-08c1-4e3f-b434-92b1d6b90390}*SharedItemsImports = 4
		Squirrel\Squirrel.Shared\Squirrel.Shared.projitems*{3a0d4a42-21d7-42ca-8079-39e8f4bedfbb}*SharedItemsImports = 4
	EndGlobalSection
	GlobalSection(SolutionConfigurationPlatforms) = preSolution
		Debug|Any CPU = Debug|Any CPU
		Debug|ARM = Debug|ARM
		Debug|x64 = Debug|x64
		Debug|x86 = Debug|x86
		Release|Any CPU = Release|Any CPU
		Release|ARM = Release|ARM
		Release|x64 = Release|x64
		Release|x86 = Release|x86
	EndGlobalSection
	GlobalSection(ProjectConfigurationPlatforms) = postSolution
		{8F00C87E-08C1-4E3F-B434-92B1D6B90390}.Debug|Any CPU.ActiveCfg = Debug|x86
		{8F00C87E-08C1-4E3F-B434-92B1D6B90390}.Debug|Any CPU.Build.0 = Debug|x86
		{8F00C87E-08C1-4E3F-B434-92B1D6B90390}.Debug|Any CPU.Deploy.0 = Debug|x86
		{8F00C87E-08C1-4E3F-B434-92B1D6B90390}.Debug|ARM.ActiveCfg = Debug|ARM
		{8F00C87E-08C1-4E3F-B434-92B1D6B90390}.Debug|ARM.Build.0 = Debug|ARM
		{8F00C87E-08C1-4E3F-B434-92B1D6B90390}.Debug|ARM.Deploy.0 = Debug|ARM
		{8F00C87E-08C1-4E3F-B434-92B1D6B90390}.Debug|x64.ActiveCfg = Debug|x64
		{8F00C87E-08C1-4E3F-B434-92B1D6B90390}.Debug|x64.Build.0 = Debug|x64
		{8F00C87E-08C1-4E3F-B434-92B1D6B90390}.Debug|x64.Deploy.0 = Debug|x64
		{8F00C87E-08C1-4E3F-B434-92B1D6B90390}.Debug|x86.ActiveCfg = Debug|x86
		{8F00C87E-08C1-4E3F-B434-92B1D6B90390}.Debug|x86.Build.0 = Debug|x86
		{8F00C87E-08C1-4E3F-B434-92B1D6B90390}.Debug|x86.Deploy.0 = Debug|x86
		{8F00C87E-08C1-4E3F-B434-92B1D6B90390}.Release|Any CPU.ActiveCfg = Release|Any CPU
		{8F00C87E-08C1-4E3F-B434-92B1D6B90390}.Release|Any CPU.Build.0 = Release|Any CPU
		{8F00C87E-08C1-4E3F-B434-92B1D6B90390}.Release|Any CPU.Deploy.0 = Release|Any CPU
		{8F00C87E-08C1-4E3F-B434-92B1D6B90390}.Release|ARM.ActiveCfg = Release|ARM
		{8F00C87E-08C1-4E3F-B434-92B1D6B90390}.Release|ARM.Build.0 = Release|ARM
		{8F00C87E-08C1-4E3F-B434-92B1D6B90390}.Release|ARM.Deploy.0 = Release|ARM
		{8F00C87E-08C1-4E3F-B434-92B1D6B90390}.Release|x64.ActiveCfg = Release|x64
		{8F00C87E-08C1-4E3F-B434-92B1D6B90390}.Release|x64.Build.0 = Release|x64
		{8F00C87E-08C1-4E3F-B434-92B1D6B90390}.Release|x64.Deploy.0 = Release|x64
		{8F00C87E-08C1-4E3F-B434-92B1D6B90390}.Release|x86.ActiveCfg = Release|x86
		{8F00C87E-08C1-4E3F-B434-92B1D6B90390}.Release|x86.Build.0 = Release|x86
		{8F00C87E-08C1-4E3F-B434-92B1D6B90390}.Release|x86.Deploy.0 = Release|x86
		{3A0D4A42-21D7-42CA-8079-39E8F4BEDFBB}.Debug|Any CPU.ActiveCfg = Debug|Any CPU
		{3A0D4A42-21D7-42CA-8079-39E8F4BEDFBB}.Debug|Any CPU.Build.0 = Debug|Any CPU
		{3A0D4A42-21D7-42CA-8079-39E8F4BEDFBB}.Debug|Any CPU.Deploy.0 = Debug|Any CPU
		{3A0D4A42-21D7-42CA-8079-39E8F4BEDFBB}.Debug|ARM.ActiveCfg = Debug|ARM
		{3A0D4A42-21D7-42CA-8079-39E8F4BEDFBB}.Debug|ARM.Build.0 = Debug|ARM
		{3A0D4A42-21D7-42CA-8079-39E8F4BEDFBB}.Debug|ARM.Deploy.0 = Debug|ARM
		{3A0D4A42-21D7-42CA-8079-39E8F4BEDFBB}.Debug|x64.ActiveCfg = Debug|Any CPU
		{3A0D4A42-21D7-42CA-8079-39E8F4BEDFBB}.Debug|x86.ActiveCfg = Debug|x86
		{3A0D4A42-21D7-42CA-8079-39E8F4BEDFBB}.Debug|x86.Build.0 = Debug|x86
		{3A0D4A42-21D7-42CA-8079-39E8F4BEDFBB}.Debug|x86.Deploy.0 = Debug|x86
		{3A0D4A42-21D7-42CA-8079-39E8F4BEDFBB}.Release|Any CPU.ActiveCfg = Release|Any CPU
		{3A0D4A42-21D7-42CA-8079-39E8F4BEDFBB}.Release|Any CPU.Build.0 = Release|Any CPU
		{3A0D4A42-21D7-42CA-8079-39E8F4BEDFBB}.Release|Any CPU.Deploy.0 = Release|Any CPU
		{3A0D4A42-21D7-42CA-8079-39E8F4BEDFBB}.Release|ARM.ActiveCfg = Release|ARM
		{3A0D4A42-21D7-42CA-8079-39E8F4BEDFBB}.Release|ARM.Build.0 = Release|ARM
		{3A0D4A42-21D7-42CA-8079-39E8F4BEDFBB}.Release|ARM.Deploy.0 = Release|ARM
		{3A0D4A42-21D7-42CA-8079-39E8F4BEDFBB}.Release|x64.ActiveCfg = Release|Any CPU
		{3A0D4A42-21D7-42CA-8079-39E8F4BEDFBB}.Release|x86.ActiveCfg = Release|x86
		{3A0D4A42-21D7-42CA-8079-39E8F4BEDFBB}.Release|x86.Build.0 = Release|x86
		{3A0D4A42-21D7-42CA-8079-39E8F4BEDFBB}.Release|x86.Deploy.0 = Release|x86
		{4DA5317A-2F49-45C0-8A02-6F65B263DAFF}.Debug|Any CPU.ActiveCfg = Debug|Any CPU
		{4DA5317A-2F49-45C0-8A02-6F65B263DAFF}.Debug|Any CPU.Build.0 = Debug|Any CPU
		{4DA5317A-2F49-45C0-8A02-6F65B263DAFF}.Debug|ARM.ActiveCfg = Debug|Any CPU
		{4DA5317A-2F49-45C0-8A02-6F65B263DAFF}.Debug|x64.ActiveCfg = Debug|Any CPU
		{4DA5317A-2F49-45C0-8A02-6F65B263DAFF}.Debug|x86.ActiveCfg = Debug|Any CPU
		{4DA5317A-2F49-45C0-8A02-6F65B263DAFF}.Release|Any CPU.ActiveCfg = Release|Any CPU
		{4DA5317A-2F49-45C0-8A02-6F65B263DAFF}.Release|Any CPU.Build.0 = Release|Any CPU
		{4DA5317A-2F49-45C0-8A02-6F65B263DAFF}.Release|ARM.ActiveCfg = Release|Any CPU
		{4DA5317A-2F49-45C0-8A02-6F65B263DAFF}.Release|x64.ActiveCfg = Release|Any CPU
		{4DA5317A-2F49-45C0-8A02-6F65B263DAFF}.Release|x86.ActiveCfg = Release|Any CPU
		{F3C28AEC-0AAB-46A4-B7C6-4411735CCB12}.Debug|Any CPU.ActiveCfg = Debug|Any CPU
		{F3C28AEC-0AAB-46A4-B7C6-4411735CCB12}.Debug|Any CPU.Build.0 = Debug|Any CPU
		{F3C28AEC-0AAB-46A4-B7C6-4411735CCB12}.Debug|ARM.ActiveCfg = Debug|Any CPU
		{F3C28AEC-0AAB-46A4-B7C6-4411735CCB12}.Debug|x64.ActiveCfg = Debug|Any CPU
		{F3C28AEC-0AAB-46A4-B7C6-4411735CCB12}.Debug|x86.ActiveCfg = Debug|Any CPU
		{F3C28AEC-0AAB-46A4-B7C6-4411735CCB12}.Release|Any CPU.ActiveCfg = Release|Any CPU
		{F3C28AEC-0AAB-46A4-B7C6-4411735CCB12}.Release|Any CPU.Build.0 = Release|Any CPU
		{F3C28AEC-0AAB-46A4-B7C6-4411735CCB12}.Release|ARM.ActiveCfg = Release|Any CPU
		{F3C28AEC-0AAB-46A4-B7C6-4411735CCB12}.Release|x64.ActiveCfg = Release|Any CPU
		{F3C28AEC-0AAB-46A4-B7C6-4411735CCB12}.Release|x86.ActiveCfg = Release|Any CPU
		{ADF86541-09E1-4249-BE03-FD6E285BFA73}.Debug|Any CPU.ActiveCfg = Debug|Any CPU
		{ADF86541-09E1-4249-BE03-FD6E285BFA73}.Debug|Any CPU.Build.0 = Debug|Any CPU
		{ADF86541-09E1-4249-BE03-FD6E285BFA73}.Debug|ARM.ActiveCfg = Debug|Any CPU
		{ADF86541-09E1-4249-BE03-FD6E285BFA73}.Debug|x64.ActiveCfg = Debug|Any CPU
		{ADF86541-09E1-4249-BE03-FD6E285BFA73}.Debug|x86.ActiveCfg = Debug|Any CPU
		{ADF86541-09E1-4249-BE03-FD6E285BFA73}.Release|Any CPU.ActiveCfg = Release|Any CPU
		{ADF86541-09E1-4249-BE03-FD6E285BFA73}.Release|Any CPU.Build.0 = Release|Any CPU
		{ADF86541-09E1-4249-BE03-FD6E285BFA73}.Release|ARM.ActiveCfg = Release|Any CPU
		{ADF86541-09E1-4249-BE03-FD6E285BFA73}.Release|x64.ActiveCfg = Release|Any CPU
		{ADF86541-09E1-4249-BE03-FD6E285BFA73}.Release|x86.ActiveCfg = Release|Any CPU
		{2ADA4A2F-BC48-4CCA-9509-B063C5E1867B}.Debug|Any CPU.ActiveCfg = Debug|Any CPU
		{2ADA4A2F-BC48-4CCA-9509-B063C5E1867B}.Debug|Any CPU.Build.0 = Debug|Any CPU
		{2ADA4A2F-BC48-4CCA-9509-B063C5E1867B}.Debug|ARM.ActiveCfg = Debug|Any CPU
		{2ADA4A2F-BC48-4CCA-9509-B063C5E1867B}.Debug|x64.ActiveCfg = Debug|Any CPU
		{2ADA4A2F-BC48-4CCA-9509-B063C5E1867B}.Debug|x86.ActiveCfg = Debug|Any CPU
		{2ADA4A2F-BC48-4CCA-9509-B063C5E1867B}.Release|Any CPU.ActiveCfg = Release|Any CPU
		{2ADA4A2F-BC48-4CCA-9509-B063C5E1867B}.Release|Any CPU.Build.0 = Release|Any CPU
		{2ADA4A2F-BC48-4CCA-9509-B063C5E1867B}.Release|ARM.ActiveCfg = Release|Any CPU
		{2ADA4A2F-BC48-4CCA-9509-B063C5E1867B}.Release|x64.ActiveCfg = Release|Any CPU
		{2ADA4A2F-BC48-4CCA-9509-B063C5E1867B}.Release|x86.ActiveCfg = Release|Any CPU
		{A07ED606-CC90-4126-BB20-9DD406DABB1A}.Debug|Any CPU.ActiveCfg = Debug|Any CPU
		{A07ED606-CC90-4126-BB20-9DD406DABB1A}.Debug|Any CPU.Build.0 = Debug|Any CPU
		{A07ED606-CC90-4126-BB20-9DD406DABB1A}.Debug|ARM.ActiveCfg = Debug|Any CPU
		{A07ED606-CC90-4126-BB20-9DD406DABB1A}.Debug|x64.ActiveCfg = Debug|Any CPU
		{A07ED606-CC90-4126-BB20-9DD406DABB1A}.Debug|x86.ActiveCfg = Debug|Any CPU
		{A07ED606-CC90-4126-BB20-9DD406DABB1A}.Release|Any CPU.ActiveCfg = Release|Any CPU
		{A07ED606-CC90-4126-BB20-9DD406DABB1A}.Release|Any CPU.Build.0 = Release|Any CPU
		{A07ED606-CC90-4126-BB20-9DD406DABB1A}.Release|ARM.ActiveCfg = Release|Any CPU
		{A07ED606-CC90-4126-BB20-9DD406DABB1A}.Release|x64.ActiveCfg = Release|Any CPU
		{A07ED606-CC90-4126-BB20-9DD406DABB1A}.Release|x86.ActiveCfg = Release|Any CPU
		{896A6816-5B04-4FD4-A648-5D219A7625E2}.Debug|Any CPU.ActiveCfg = Debug|Any CPU
		{896A6816-5B04-4FD4-A648-5D219A7625E2}.Debug|Any CPU.Build.0 = Debug|Any CPU
		{896A6816-5B04-4FD4-A648-5D219A7625E2}.Debug|ARM.ActiveCfg = Debug|Any CPU
		{896A6816-5B04-4FD4-A648-5D219A7625E2}.Debug|x64.ActiveCfg = Debug|Any CPU
		{896A6816-5B04-4FD4-A648-5D219A7625E2}.Debug|x86.ActiveCfg = Debug|Any CPU
		{896A6816-5B04-4FD4-A648-5D219A7625E2}.Release|Any CPU.ActiveCfg = Release|Any CPU
		{896A6816-5B04-4FD4-A648-5D219A7625E2}.Release|Any CPU.Build.0 = Release|Any CPU
		{896A6816-5B04-4FD4-A648-5D219A7625E2}.Release|ARM.ActiveCfg = Release|Any CPU
		{896A6816-5B04-4FD4-A648-5D219A7625E2}.Release|x64.ActiveCfg = Release|Any CPU
		{896A6816-5B04-4FD4-A648-5D219A7625E2}.Release|x86.ActiveCfg = Release|Any CPU
	EndGlobalSection
	GlobalSection(SolutionProperties) = preSolution
		HideSolutionNode = FALSE
	EndGlobalSection
	GlobalSection(NestedProjects) = preSolution
		{898B8CA6-1D60-425E-920D-1F773F1D1C19} = {9E771F15-E5A2-4807-896B-2120CE417768}
		{8F00C87E-08C1-4E3F-B434-92B1D6B90390} = {9E771F15-E5A2-4807-896B-2120CE417768}
		{3A0D4A42-21D7-42CA-8079-39E8F4BEDFBB} = {9E771F15-E5A2-4807-896B-2120CE417768}
		{4DA5317A-2F49-45C0-8A02-6F65B263DAFF} = {B5127EB3-623E-4B07-AC26-4E9017E4275E}
		{9E771F15-E5A2-4807-896B-2120CE417768} = {C461625C-0097-4026-B0AA-35F3B122FF89}
		{46C07735-1A2A-4280-AE8B-C564BB25608F} = {C461625C-0097-4026-B0AA-35F3B122FF89}
		{B5127EB3-623E-4B07-AC26-4E9017E4275E} = {46C07735-1A2A-4280-AE8B-C564BB25608F}
		{5C166138-DE8F-4607-B012-6CB7D179940D} = {C461625C-0097-4026-B0AA-35F3B122FF89}
		{F3C28AEC-0AAB-46A4-B7C6-4411735CCB12} = {5C166138-DE8F-4607-B012-6CB7D179940D}
		{C2D7F581-0DD3-420F-BC88-7762EFFD3E3E} = {46C07735-1A2A-4280-AE8B-C564BB25608F}
		{ADF86541-09E1-4249-BE03-FD6E285BFA73} = {C2D7F581-0DD3-420F-BC88-7762EFFD3E3E}
		{2ADA4A2F-BC48-4CCA-9509-B063C5E1867B} = {75155279-7655-4052-BEFC-0A4C3AD86C39}
		{75155279-7655-4052-BEFC-0A4C3AD86C39} = {46C07735-1A2A-4280-AE8B-C564BB25608F}
		{A07ED606-CC90-4126-BB20-9DD406DABB1A} = {75155279-7655-4052-BEFC-0A4C3AD86C39}
		{896A6816-5B04-4FD4-A648-5D219A7625E2} = {B5127EB3-623E-4B07-AC26-4E9017E4275E}
	EndGlobalSection
EndGlobal
